
Microsoft Visual Studio Solution File, Format Version 12.00
# Visual Studio Version 16
VisualStudioVersion = 16.0.30011.22
MinimumVisualStudioVersion = 10.0.40219.1
Project("{8BC9CEB8-8B4A-11D0-8D11-00A0C91BC942}") = "core", "core\main\mkspecs\core.vcxproj", "{01B251C2-C1D1-3668-8B66-E928363325D9}"
EndProject
Project("{8BC9CEB8-8B4A-11D0-8D11-00A0C91BC942}") = "libandqmltestdemo", "libandqmltestdemo\libandqmltestdemo\mkspecs\libandqmltestdemo.vcxproj", "{B3BAD6A6-01F9-3952-BC85-E807575CB820}"
EndProject
Project("{8BC9CEB8-8B4A-11D0-8D11-00A0C91BC942}") = "qmlbase", "qmlbase\main\mkspecs\qmlbase.vcxproj", "{5F3C9327-3C82-3BF9-A5CD-FC5F5E889285}"
EndProject
Project("{8BC9CEB8-8B4A-11D0-8D11-00A0C91BC942}") = "qmlcfmbusmulticfmdemo", "qmlcfmbusmulticfmdemo\main\mkspecs\qmlcfmbusmulticfmdemo.vcxproj", "{F09BE449-C5B3-3CF5-A836-097F06C7B0D6}"
EndProject
Project("{8BC9CEB8-8B4A-11D0-8D11-00A0C91BC942}") = "qmlicquickimageitemdemo", "qmlicquickimageitemdemo\main\mkspecs\qmlicquickimageitemdemo.vcxproj", "{9B0023D8-33ED-389A-A419-FA9E2D21B12C}"
EndProject
Project("{8BC9CEB8-8B4A-11D0-8D11-00A0C91BC942}") = "qmlmsgbusdemo", "qmlmsgbusdemo\main\mkspecs\qmlmsgbusdemo.vcxproj", "{325F97AF-178D-32A1-B616-97BF48E7E780}"
EndProject
Project("{8BC9CEB8-8B4A-11D0-8D11-00A0C91BC942}") = "qmlmsgbusmultiwindemo", "qmlmsgbusmultiwindemo\main\mkspecs\qmlmsgbusmultiwindemo.vcxproj", "{D76CCBCF-D489-357C-9052-068441E6BF7F}"
EndProject
Project("{8BC9CEB8-8B4A-11D0-8D11-00A0C91BC942}") = "qmlpagelayoutdemo", "qmlpagelayoutdemo\main\mkspecs\qmlpagelayoutdemo.vcxproj", "{A4A87947-B78A-31D4-95D8-9B6F9E864EB4}"
EndProject
Project("{8BC9CEB8-8B4A-11D0-8D11-00A0C91BC942}") = "qmluserlistmodeldemo", "qmluserlistmodeldemo\main\mkspecs\qmluserlistmodeldemo.vcxproj", "{BF16EE4B-8DA9-306D-AB4F-344BA6A60576}"
EndProject
Project("{8BC9CEB8-8B4A-11D0-8D11-00A0C91BC942}") = "qmlconfirmbusdemo", "qmlconfirmbusdemo\main\mkspecs\qmlconfirmbusdemo.vcxproj", "{86948C45-1CE1-360B-8371-553A8F4A97E1}"
EndProject
Global
	GlobalSection(SolutionConfigurationPlatforms) = preSolution
		Debug|x86 = Debug|x86
		Release|x86 = Release|x86
	EndGlobalSection
	GlobalSection(ProjectConfigurationPlatforms) = postSolution
		{01B251C2-C1D1-3668-8B66-E928363325D9}.Debug|x86.ActiveCfg = Debug|Win32
		{01B251C2-C1D1-3668-8B66-E928363325D9}.Debug|x86.Build.0 = Debug|Win32
		{01B251C2-C1D1-3668-8B66-E928363325D9}.Release|x86.ActiveCfg = Release|Win32
		{01B251C2-C1D1-3668-8B66-E928363325D9}.Release|x86.Build.0 = Release|Win32
		{B3BAD6A6-01F9-3952-BC85-E807575CB820}.Debug|x86.ActiveCfg = Debug|Win32
		{B3BAD6A6-01F9-3952-BC85-E807575CB820}.Debug|x86.Build.0 = Debug|Win32
		{B3BAD6A6-01F9-3952-BC85-E807575CB820}.Release|x86.ActiveCfg = Release|Win32
		{B3BAD6A6-01F9-3952-BC85-E807575CB820}.Release|x86.Build.0 = Release|Win32
		{5F3C9327-3C82-3BF9-A5CD-FC5F5E889285}.Debug|x86.ActiveCfg = Debug|Win32
		{5F3C9327-3C82-3BF9-A5CD-FC5F5E889285}.Debug|x86.Build.0 = Debug|Win32
		{5F3C9327-3C82-3BF9-A5CD-FC5F5E889285}.Release|x86.ActiveCfg = Release|Win32
		{5F3C9327-3C82-3BF9-A5CD-FC5F5E889285}.Release|x86.Build.0 = Release|Win32
		{F09BE449-C5B3-3CF5-A836-097F06C7B0D6}.Debug|x86.ActiveCfg = Debug|Win32
		{F09BE449-C5B3-3CF5-A836-097F06C7B0D6}.Debug|x86.Build.0 = Debug|Win32
		{F09BE449-C5B3-3CF5-A836-097F06C7B0D6}.Release|x86.ActiveCfg = Release|Win32
		{F09BE449-C5B3-3CF5-A836-097F06C7B0D6}.Release|x86.Build.0 = Release|Win32
		{9B0023D8-33ED-389A-A419-FA9E2D21B12C}.Debug|x86.ActiveCfg = Debug|Win32
		{9B0023D8-33ED-389A-A419-FA9E2D21B12C}.Debug|x86.Build.0 = Debug|Win32
		{9B0023D8-33ED-389A-A419-FA9E2D21B12C}.Release|x86.ActiveCfg = Release|Win32
		{9B0023D8-33ED-389A-A419-FA9E2D21B12C}.Release|x86.Build.0 = Release|Win32
		{325F97AF-178D-32A1-B616-97BF48E7E780}.Debug|x86.ActiveCfg = Debug|Win32
		{325F97AF-178D-32A1-B616-97BF48E7E780}.Debug|x86.Build.0 = Debug|Win32
		{325F97AF-178D-32A1-B616-97BF48E7E780}.Release|x86.ActiveCfg = Release|Win32
		{325F97AF-178D-32A1-B616-97BF48E7E780}.Release|x86.Build.0 = Release|Win32
		{D76CCBCF-D489-357C-9052-068441E6BF7F}.Debug|x86.ActiveCfg = Debug|Win32
		{D76CCBCF-D489-357C-9052-068441E6BF7F}.Debug|x86.Build.0 = Debug|Win32
		{D76CCBCF-D489-357C-9052-068441E6BF7F}.Release|x86.ActiveCfg = Release|Win32
		{D76CCBCF-D489-357C-9052-068441E6BF7F}.Release|x86.Build.0 = Release|Win32
		{A4A87947-B78A-31D4-95D8-9B6F9E864EB4}.Debug|x86.ActiveCfg = Debug|Win32
		{A4A87947-B78A-31D4-95D8-9B6F9E864EB4}.Debug|x86.Build.0 = Debug|Win32
		{A4A87947-B78A-31D4-95D8-9B6F9E864EB4}.Release|x86.ActiveCfg = Release|Win32
		{A4A87947-B78A-31D4-95D8-9B6F9E864EB4}.Release|x86.Build.0 = Release|Win32
		{BF16EE4B-8DA9-306D-AB4F-344BA6A60576}.Debug|x86.ActiveCfg = Debug|Win32
		{BF16EE4B-8DA9-306D-AB4F-344BA6A60576}.Debug|x86.Build.0 = Debug|Win32
		{BF16EE4B-8DA9-306D-AB4F-344BA6A60576}.Release|x86.ActiveCfg = Release|Win32
		{BF16EE4B-8DA9-306D-AB4F-344BA6A60576}.Release|x86.Build.0 = Release|Win32
		{86948C45-1CE1-360B-8371-553A8F4A97E1}.Debug|x86.ActiveCfg = Debug|Win32
		{86948C45-1CE1-360B-8371-553A8F4A97E1}.Debug|x86.Build.0 = Debug|Win32
		{86948C45-1CE1-360B-8371-553A8F4A97E1}.Release|x86.ActiveCfg = Release|Win32
		{86948C45-1CE1-360B-8371-553A8F4A97E1}.Release|x86.Build.0 = Release|Win32
	EndGlobalSection
	GlobalSection(SolutionProperties) = preSolution
		HideSolutionNode = FALSE
	EndGlobalSection
	GlobalSection(ExtensibilityGlobals) = postSolution
		SolutionGuid = {1E80DC0C-1753-4C11-8151-B18BCFE90CF9}
	EndGlobalSection
EndGlobal
