
Microsoft Visual Studio Solution File, Format Version 12.00
# Visual Studio Version 16
VisualStudioVersion = 16.0.30011.22
MinimumVisualStudioVersion = 10.0.40219.1
Project("{8BC9CEB8-8B4A-11D0-8D11-00A0C91BC942}") = "confirmdemo", "main\mkspecs\confirmdemo.vcxproj", "{E084621C-3EB4-38DD-B616-BD77B54DD774}"
EndProject
Global
	GlobalSection(SolutionConfigurationPlatforms) = preSolution
		Debug|x86 = Debug|x86
		Release|x86 = Release|x86
	EndGlobalSection
	GlobalSection(ProjectConfigurationPlatforms) = postSolution
		{E084621C-3EB4-38DD-B616-BD77B54DD774}.Debug|x86.ActiveCfg = Debug|Win32
		{E084621C-3EB4-38DD-B616-BD77B54DD774}.Debug|x86.Build.0 = Debug|Win32
		{E084621C-3EB4-38DD-B616-BD77B54DD774}.Release|x86.ActiveCfg = Release|Win32
		{E084621C-3EB4-38DD-B616-BD77B54DD774}.Release|x86.Build.0 = Release|Win32
	EndGlobalSection
	GlobalSection(SolutionProperties) = preSolution
		HideSolutionNode = FALSE
	EndGlobalSection
	GlobalSection(ExtensibilityGlobals) = postSolution
		SolutionGuid = {20A2C709-9288-42EB-B28F-767E8B8409D8}
	EndGlobalSection
EndGlobal
